schema: '2.0'
stages:
  prepare:
    cmd: python -m src.prepare_data
    deps:
    - path: data/raw/flight_delays_ru_synthetic_2023_2025.csv
      hash: md5
      md5: c5c286bea4cb05306566f2547e4079b4
      size: 26272210
    - path: src/config.py
      hash: md5
      md5: 0f4cea99cccf46f44ef5685a1ca187e3
      size: 599
    - path: src/prepare_data.py
      hash: md5
      md5: 447662ed000d77d0ded784ca3af81b1d
      size: 1890
    params:
      params.yaml:
        paths.cleaned_csv: data/interim/cleaned_flights.csv
        paths.raw_csv: data/raw/flight_delays_ru_synthetic_2023_2025.csv
        prepare.drop_duplicates_on: flight_id
    outs:
    - path: data/interim/cleaned_flights.csv
      hash: md5
      md5: 146ccd096005c89fb3120c0712d1aca8
      size: 26913711
  featurize:
    cmd: python -m src.make_features
    deps:
    - path: data/interim/cleaned_flights.csv
      hash: md5
      md5: 146ccd096005c89fb3120c0712d1aca8
      size: 26913711
    - path: src/config.py
      hash: md5
      md5: 0f4cea99cccf46f44ef5685a1ca187e3
      size: 599
    - path: src/make_features.py
      hash: md5
      md5: 085a8cb2f92648f59d0cc89a45ed6a2f
      size: 1668
    - path: src/preprocessing.py
      hash: md5
      md5: 1fe6ed08c5146c41663381654b98ad07
      size: 2299
    params:
      params.yaml:
        paths.cleaned_csv: data/interim/cleaned_flights.csv
        paths.features_csv: data/processed/features.csv
    outs:
    - path: data/processed/features.csv
      hash: md5
      md5: e5e7f49fdc5d0d17ca67585fe7562681
      size: 14662513
  train_delay:
    cmd: python -m src.train_delay
    deps:
    - path: data/processed/features.csv
      hash: md5
      md5: e5e7f49fdc5d0d17ca67585fe7562681
      size: 14662513
    - path: src/config.py
      hash: md5
      md5: 0f4cea99cccf46f44ef5685a1ca187e3
      size: 599
    - path: src/evaluate.py
      hash: md5
      md5: 138a81b63f5cacbcb4a13b68b9f66801
      size: 4037
    - path: src/preprocessing.py
      hash: md5
      md5: 1fe6ed08c5146c41663381654b98ad07
      size: 2299
    - path: src/train_delay.py
      hash: md5
      md5: 1b6bfe8d2cb65b66d88634fd27a02956
      size: 6094
    params:
      params.yaml:
        paths.delay_model_dir: models/delay_model
        paths.features_csv: data/processed/features.csv
        split:
          test_size: 0.2
          random_state: 42
        train_delay:
          n_estimators: 400
          learning_rate: 0.05
          num_leaves: 63
          max_depth: -1
          min_child_samples: 50
          reg_alpha: 0.0
          reg_lambda: 0.0
          class_weight: balanced
          random_state: 42
          threshold_min: 0.1
          threshold_max: 0.9
          threshold_step: 0.01
    outs:
    - path: models/delay_model/metadata.json
      hash: md5
      md5: 5a88f686163714df8a1bd1fc5920e6e3
      size: 1544
    - path: models/delay_model/model.pkl
      hash: md5
      md5: b31623f57458239b4382389290be86db
      size: 2747900
    - path: reports/figures/confusion_matrix_delay.png
      hash: md5
      md5: 44507e68e55f891207018cd926b789f7
      size: 30458
    - path: reports/figures/feature_importance_delay.png
      hash: md5
      md5: d9d69759ee1f400a340c5ccdb01ade9f
      size: 70405
    - path: reports/metrics/delay_metrics.json
      hash: md5
      md5: ec1b8d3811df3366298ff784b9311f72
      size: 251
  train_reason:
    cmd: python -m src.train_reason
    deps:
    - path: data/processed/features.csv
      hash: md5
      md5: e5e7f49fdc5d0d17ca67585fe7562681
      size: 14662513
    - path: src/config.py
      hash: md5
      md5: 0f4cea99cccf46f44ef5685a1ca187e3
      size: 599
    - path: src/evaluate.py
      hash: md5
      md5: 138a81b63f5cacbcb4a13b68b9f66801
      size: 4037
    - path: src/preprocessing.py
      hash: md5
      md5: 1fe6ed08c5146c41663381654b98ad07
      size: 2299
    - path: src/train_reason.py
      hash: md5
      md5: f1fd9ba9ae2c296165cc84080d1941aa
      size: 6895
    params:
      params.yaml:
        paths.features_csv: data/processed/features.csv
        paths.reason_model_dir: models/reason_model
        split:
          test_size: 0.2
          random_state: 42
        train_reason:
          n_estimators: 400
          learning_rate: 0.05
          num_leaves: 63
          max_depth: -1
          min_child_samples: 30
          reg_alpha: 0.0
          reg_lambda: 0.0
          class_weight: balanced
          random_state: 42
    outs:
    - path: models/reason_model/metadata.json
      hash: md5
      md5: 777dfe4c12f8f33eddf34a52395269bc
      size: 2664
    - path: models/reason_model/model.pkl
      hash: md5
      md5: 1e5fbed8762819884e9c93178bc9cdb6
      size: 18929080
    - path: reports/figures/confusion_matrix_reason.png
      hash: md5
      md5: 4bf31311bcf45ad1739c6360cdc00b5b
      size: 90870
    - path: reports/figures/feature_importance_reason.png
      hash: md5
      md5: 55f4142e573020d84969bf15e349b616
      size: 71217
    - path: reports/metrics/reason_metrics.json
      hash: md5
      md5: c071beccf6710e54c63f2d093756e2ec
      size: 1246
