schema: '2.0'
stages:
  prepare:
    cmd: python -m src.prepare_data
    deps:
    - path: data/raw/flight_delays_ru_synthetic_2023_2025.csv
      hash: md5
      md5: 59c3185ffc3beab16dd0307dd825dbc6
      size: 26351790
    - path: src/config.py
      hash: md5
      md5: 1dec6688591876e3f7a6608a298559c7
      size: 851
    - path: src/prepare_data.py
      hash: md5
      md5: 447662ed000d77d0ded784ca3af81b1d
      size: 1890
    params:
      params.yaml:
        paths.cleaned_csv: data/interim/cleaned_flights.csv
        paths.raw_csv: data/raw/flight_delays_ru_synthetic_2023_2025.csv
        prepare.drop_duplicates_on: flight_id
    outs:
    - path: data/interim/cleaned_flights.csv
      hash: md5
      md5: 867806a88a7a3f64d3c5d9bf0aeadcdf
      size: 26993096
  featurize:
    cmd: python -m src.make_features
    deps:
    - path: data/interim/cleaned_flights.csv
      hash: md5
      md5: 867806a88a7a3f64d3c5d9bf0aeadcdf
      size: 26993096
    - path: src/config.py
      hash: md5
      md5: 1dec6688591876e3f7a6608a298559c7
      size: 851
    - path: src/make_features.py
      hash: md5
      md5: e364a389f202770e0aa7ae607df1a335
      size: 1864
    - path: src/preprocessing.py
      hash: md5
      md5: 14e614673574c4548383d5ea48000f26
      size: 5741
    params:
      params.yaml:
        paths.cleaned_csv: data/interim/cleaned_flights.csv
        paths.features_csv: data/processed/features.csv
    outs:
    - path: data/processed/features.csv
      hash: md5
      md5: cdf7b155f010b649ae62d69b0e9ba02f
      size: 17862120
  train_delay:
    cmd: python -m src.train_delay
    deps:
    - path: data/processed/features.csv
      hash: md5
      md5: cdf7b155f010b649ae62d69b0e9ba02f
      size: 17862120
    - path: src/config.py
      hash: md5
      md5: 1dec6688591876e3f7a6608a298559c7
      size: 851
    - path: src/evaluate.py
      hash: md5
      md5: 138a81b63f5cacbcb4a13b68b9f66801
      size: 4037
    - path: src/preprocessing.py
      hash: md5
      md5: 14e614673574c4548383d5ea48000f26
      size: 5741
    - path: src/train_delay.py
      hash: md5
      md5: 9fc2450a02a582c73e7537f312944642
      size: 7307
    params:
      params.yaml:
        paths.delay_model_dir: models/delay_model
        paths.features_csv: data/processed/features.csv
        split:
          test_size: 0.2
          random_state: 42
        train_delay:
          n_estimators: 600
          learning_rate: 0.04
          num_leaves: 63
          max_depth: 8
          min_child_samples: 80
          reg_alpha: 0.1
          reg_lambda: 0.2
          class_weight: balanced
          random_state: 42
          threshold_min: 0.1
          threshold_max: 0.9
          threshold_step: 0.01
    outs:
    - path: models/delay_model/metadata.json
      hash: md5
      md5: b6f5cf03f37981892ec143f501032710
      size: 2190
    - path: models/delay_model/model.pkl
      hash: md5
      md5: d9cff369e9f27bedf935798770f2cba9
      size: 4800492
    - path: reports/figures/confusion_matrix_delay.png
      hash: md5
      md5: df4752c50384c73ac0a3fefd7fc4ceb4
      size: 29926
    - path: reports/figures/feature_importance_delay.png
      hash: md5
      md5: b1f451916f77289cc67107d7cedefc3e
      size: 69442
    - path: reports/metrics/delay_metrics.json
      hash: md5
      md5: da4794a940d8a2604e34691a93d5b03d
      size: 251
  train_reason:
    cmd: python -m src.train_reason
    deps:
    - path: data/processed/features.csv
      hash: md5
      md5: cdf7b155f010b649ae62d69b0e9ba02f
      size: 17862120
    - path: src/config.py
      hash: md5
      md5: 1dec6688591876e3f7a6608a298559c7
      size: 851
    - path: src/evaluate.py
      hash: md5
      md5: 138a81b63f5cacbcb4a13b68b9f66801
      size: 4037
    - path: src/preprocessing.py
      hash: md5
      md5: 14e614673574c4548383d5ea48000f26
      size: 5741
    - path: src/train_reason.py
      hash: md5
      md5: 58b79fcff365008a0c8eb6797404e837
      size: 8014
    params:
      params.yaml:
        paths.features_csv: data/processed/features.csv
        paths.reason_model_dir: models/reason_model
        split:
          test_size: 0.2
          random_state: 42
        train_reason:
          n_estimators: 600
          learning_rate: 0.06
          num_leaves: 63
          max_depth: 8
          min_child_samples: 50
          reg_alpha: 0.1
          reg_lambda: 0.2
          class_weight: balanced
          random_state: 42
    outs:
    - path: models/reason_model/metadata.json
      hash: md5
      md5: 1a611b38c55eef08bbd675f748c9956e
      size: 3279
    - path: models/reason_model/model.pkl
      hash: md5
      md5: 2914e3032cca0ab76a596a895749028b
      size: 32352200
    - path: reports/figures/confusion_matrix_reason.png
      hash: md5
      md5: 32c58722150ae9d99a8e7bb51d9dda67
      size: 91939
    - path: reports/figures/feature_importance_reason.png
      hash: md5
      md5: c3cdb4501fb3137828924d423c7b71ef
      size: 69233
    - path: reports/metrics/reason_metrics.json
      hash: md5
      md5: 8aa3fb8810d6833b39e8c7150fbe7563
      size: 1241
  data_stats:
    cmd: python -m src.data_stats
    deps:
    - path: data/raw/flight_delays_ru_synthetic_2023_2025.csv
      hash: md5
      md5: 59c3185ffc3beab16dd0307dd825dbc6
      size: 26351790
    - path: src/config.py
      hash: md5
      md5: 1dec6688591876e3f7a6608a298559c7
      size: 851
    - path: src/data_stats.py
      hash: md5
      md5: 6702f15bcd3cf6f4212c30c85700e81e
      size: 3083
    params:
      params.yaml:
        paths.raw_csv: data/raw/flight_delays_ru_synthetic_2023_2025.csv
    outs:
    - path: reports/metrics/data_stats.json
      hash: md5
      md5: ae118066f6f74f35e8e4e8dd75834ab5
      size: 630
