schema: '2.0'
stages:
  prepare:
    cmd: python -m src.prepare_data
    deps:
    - path: data/raw/flight_delays_ru_synthetic_2023_2025.csv
      hash: md5
      md5: c5c286bea4cb05306566f2547e4079b4
      size: 26272210
    - path: src/config.py
      hash: md5
      md5: 0f4cea99cccf46f44ef5685a1ca187e3
      size: 599
    - path: src/prepare_data.py
      hash: md5
      md5: 447662ed000d77d0ded784ca3af81b1d
      size: 1890
    params:
      params.yaml:
        paths.cleaned_csv: data/interim/cleaned_flights.csv
        paths.raw_csv: data/raw/flight_delays_ru_synthetic_2023_2025.csv
        prepare.drop_duplicates_on: flight_id
    outs:
    - path: data/interim/cleaned_flights.csv
      hash: md5
      md5: 146ccd096005c89fb3120c0712d1aca8
      size: 26913711
  featurize:
    cmd: python -m src.make_features
    deps:
    - path: data/interim/cleaned_flights.csv
      hash: md5
      md5: 146ccd096005c89fb3120c0712d1aca8
      size: 26913711
    - path: src/config.py
      hash: md5
      md5: 0f4cea99cccf46f44ef5685a1ca187e3
      size: 599
    - path: src/make_features.py
      hash: md5
      md5: 085a8cb2f92648f59d0cc89a45ed6a2f
      size: 1668
    - path: src/preprocessing.py
      hash: md5
      md5: 1fe6ed08c5146c41663381654b98ad07
      size: 2299
    params:
      params.yaml:
        paths.cleaned_csv: data/interim/cleaned_flights.csv
        paths.features_csv: data/processed/features.csv
    outs:
    - path: data/processed/features.csv
      hash: md5
      md5: e5e7f49fdc5d0d17ca67585fe7562681
      size: 14662513
  train_delay:
    cmd: python -m src.train_delay
    deps:
    - path: data/processed/features.csv
      hash: md5
      md5: e5e7f49fdc5d0d17ca67585fe7562681
      size: 14662513
    - path: src/config.py
      hash: md5
      md5: 0f4cea99cccf46f44ef5685a1ca187e3
      size: 599
    - path: src/evaluate.py
      hash: md5
      md5: 138a81b63f5cacbcb4a13b68b9f66801
      size: 4037
    - path: src/preprocessing.py
      hash: md5
      md5: 1fe6ed08c5146c41663381654b98ad07
      size: 2299
    - path: src/train_delay.py
      hash: md5
      md5: 1b6bfe8d2cb65b66d88634fd27a02956
      size: 6094
    params:
      params.yaml:
        paths.delay_model_dir: models/delay_model
        paths.features_csv: data/processed/features.csv
        split:
          test_size: 0.2
          random_state: 42
        train_delay:
          n_estimators: 1000
          learning_rate: 0.03
          num_leaves: 95
          max_depth: 10
          min_child_samples: 60
          reg_alpha: 0.2
          reg_lambda: 0.3
          class_weight: balanced
          random_state: 42
          threshold_min: 0.1
          threshold_max: 0.9
          threshold_step: 0.01
    outs:
    - path: models/delay_model/metadata.json
      hash: md5
      md5: c4795dda5b9955e2f6d70fa67e2f595f
      size: 1545
    - path: models/delay_model/model.pkl
      hash: md5
      md5: 85c5162973690499065692ba10c284a5
      size: 9915084
    - path: reports/figures/confusion_matrix_delay.png
      hash: md5
      md5: dbebbea8b990716b8cfa957ca188bc6b
      size: 30216
    - path: reports/figures/feature_importance_delay.png
      hash: md5
      md5: 00071af16d70664e2b95fd29ff520334
      size: 69429
    - path: reports/metrics/delay_metrics.json
      hash: md5
      md5: 3caea52571976ae9410cd05f32a4b401
      size: 251
  train_reason:
    cmd: python -m src.train_reason
    deps:
    - path: data/processed/features.csv
      hash: md5
      md5: e5e7f49fdc5d0d17ca67585fe7562681
      size: 14662513
    - path: src/config.py
      hash: md5
      md5: 0f4cea99cccf46f44ef5685a1ca187e3
      size: 599
    - path: src/evaluate.py
      hash: md5
      md5: 138a81b63f5cacbcb4a13b68b9f66801
      size: 4037
    - path: src/preprocessing.py
      hash: md5
      md5: 1fe6ed08c5146c41663381654b98ad07
      size: 2299
    - path: src/train_reason.py
      hash: md5
      md5: f1fd9ba9ae2c296165cc84080d1941aa
      size: 6895
    params:
      params.yaml:
        paths.features_csv: data/processed/features.csv
        paths.reason_model_dir: models/reason_model
        split:
          test_size: 0.2
          random_state: 42
        train_reason:
          n_estimators: 1000
          learning_rate: 0.03
          num_leaves: 95
          max_depth: 10
          min_child_samples: 40
          reg_alpha: 0.2
          reg_lambda: 0.3
          class_weight: balanced
          random_state: 42
    outs:
    - path: models/reason_model/metadata.json
      hash: md5
      md5: ca0e3e845e37edefe03038505ff1003d
      size: 2585
    - path: models/reason_model/model.pkl
      hash: md5
      md5: 9defe15ab05e68418b421d9065e9ee9f
      size: 65724888
    - path: reports/figures/confusion_matrix_reason.png
      hash: md5
      md5: d3a8b5caa6eb400d587096f629e4e213
      size: 89905
    - path: reports/figures/feature_importance_reason.png
      hash: md5
      md5: d24f60a7941918627308fb20c3d2512b
      size: 69993
    - path: reports/metrics/reason_metrics.json
      hash: md5
      md5: b341c456ebada17ddb33b0915a340596
      size: 1166
